
Microsoft Visual Studio Solution File, Format Version 12.00
# Visual Studio Version 17
VisualStudioVersion = 17.14.36327.8
MinimumVisualStudioVersion = 10.0.40219.1
Project("{FAE04EC0-301F-11D3-BF4B-00C04F79EFBC}") = "reading and writing", "reading and writing\reading and writing.csproj", "{110C39E1-2B07-44FC-9335-92B25C7B113C}"
EndProject
Global
	GlobalSection(SolutionConfigurationPlatforms) = preSolution
		Debug|Any CPU = Debug|Any CPU
		Release|Any CPU = Release|Any CPU
	EndGlobalSection
	GlobalSection(ProjectConfigurationPlatforms) = postSolution
		{110C39E1-2B07-44FC-9335-92B25C7B113C}.Debug|Any CPU.ActiveCfg = Debug|Any CPU
		{110C39E1-2B07-44FC-9335-92B25C7B113C}.Debug|Any CPU.Build.0 = Debug|Any CPU
		{110C39E1-2B07-44FC-9335-92B25C7B113C}.Release|Any CPU.ActiveCfg = Release|Any CPU
		{110C39E1-2B07-44FC-9335-92B25C7B113C}.Release|Any CPU.Build.0 = Release|Any CPU
	EndGlobalSection
	GlobalSection(SolutionProperties) = preSolution
		HideSolutionNode = FALSE
	EndGlobalSection
	GlobalSection(ExtensibilityGlobals) = postSolution
		SolutionGuid = {ACF6FFE4-644E-42FE-B564-267CA3B1968D}
	EndGlobalSection
EndGlobal
